
Microsoft Visual Studio Solution File, Format Version 12.00
# Visual Studio Version 17
VisualStudioVersion = 17.14.36127.28 d17.14
MinimumVisualStudioVersion = 10.0.40219.1
Project("{FAE04EC0-301F-11D3-BF4B-00C04F79EFBC}") = "SitioWeb", "SitioWeb.csproj", "{99DE2CCE-80B1-4716-8285-542339EFE8A8}"
EndProject
Global
	GlobalSection(SolutionConfigurationPlatforms) = preSolution
		Debug|Any CPU = Debug|Any CPU
		Release|Any CPU = Release|Any CPU
	EndGlobalSection
	GlobalSection(ProjectConfigurationPlatforms) = postSolution
		{99DE2CCE-80B1-4716-8285-542339EFE8A8}.Debug|Any CPU.ActiveCfg = Debug|Any CPU
		{99DE2CCE-80B1-4716-8285-542339EFE8A8}.Debug|Any CPU.Build.0 = Debug|Any CPU
		{99DE2CCE-80B1-4716-8285-542339EFE8A8}.Release|Any CPU.ActiveCfg = Release|Any CPU
		{99DE2CCE-80B1-4716-8285-542339EFE8A8}.Release|Any CPU.Build.0 = Release|Any CPU
	EndGlobalSection
	GlobalSection(SolutionProperties) = preSolution
		HideSolutionNode = FALSE
	EndGlobalSection
	GlobalSection(ExtensibilityGlobals) = postSolution
		SolutionGuid = {3694B64E-FE07-4777-8EAD-91FD9D773241}
	EndGlobalSection
EndGlobal
